// !$*UTF8*$!
{
	archiveVersion = 1;
	classes = {
	};
	objectVersion = 46;
	objects = {

/* Begin PBXBuildFile section */
		9295E89F18BBEF15002ADA10 /* Foundation.framework in Frameworks */ = {isa = PBXBuildFile; fileRef = 9295E89E18BBEF15002ADA10 /* Foundation.framework */; };
		9295E8A118BBEF15002ADA10 /* CoreGraphics.framework in Frameworks */ = {isa = PBXBuildFile; fileRef = 9295E8A018BBEF15002ADA10 /* CoreGraphics.framework */; };
		9295E8A318BBEF15002ADA10 /* UIKit.framework in Frameworks */ = {isa = PBXBuildFile; fileRef = 9295E8A218BBEF15002ADA10 /* UIKit.framework */; };
		9295E8A918BBEF15002ADA10 /* InfoPlist.strings in Resources */ = {isa = PBXBuildFile; fileRef = 9295E8A718BBEF15002ADA10 /* InfoPlist.strings */; };
		9295E8AB18BBEF15002ADA10 /* main.m in Sources */ = {isa = PBXBuildFile; fileRef = 9295E8AA18BBEF15002ADA10 /* main.m */; };
		9295E8AF18BBEF15002ADA10 /* APAppDelegate.m in Sources */ = {isa = PBXBuildFile; fileRef = 9295E8AE18BBEF15002ADA10 /* APAppDelegate.m */; };
		9295E8B218BBEF15002ADA10 /* Main.storyboard in Resources */ = {isa = PBXBuildFile; fileRef = 9295E8B018BBEF15002ADA10 /* Main.storyboard */; };
		9295E8B518BBEF15002ADA10 /* APViewController.m in Sources */ = {isa = PBXBuildFile; fileRef = 9295E8B418BBEF15002ADA10 /* APViewController.m */; };
		9295E8B718BBEF15002ADA10 /* Images.xcassets in Resources */ = {isa = PBXBuildFile; fileRef = 9295E8B618BBEF15002ADA10 /* Images.xcassets */; };
		9295E8BE18BBEF15002ADA10 /* XCTest.framework in Frameworks */ = {isa = PBXBuildFile; fileRef = 9295E8BD18BBEF15002ADA10 /* XCTest.framework */; };
		9295E8BF18BBEF15002ADA10 /* Foundation.framework in Frameworks */ = {isa = PBXBuildFile; fileRef = 9295E89E18BBEF15002ADA10 /* Foundation.framework */; };
		9295E8C018BBEF15002ADA10 /* UIKit.framework in Frameworks */ = {isa = PBXBuildFile; fileRef = 9295E8A218BBEF15002ADA10 /* UIKit.framework */; };
		9295E8C818BBEF15002ADA10 /* InfoPlist.strings in Resources */ = {isa = PBXBuildFile; fileRef = 9295E8C618BBEF15002ADA10 /* InfoPlist.strings */; };
		9295E8CA18BBEF15002ADA10 /* DropDownToolBarTests.m in Sources */ = {isa = PBXBuildFile; fileRef = 9295E8C918BBEF15002ADA10 /* DropDownToolBarTests.m */; };
		9295E8D918BBF4F3002ADA10 /* APNavigationController.m in Sources */ = {isa = PBXBuildFile; fileRef = 9295E8D818BBF4F3002ADA10 /* APNavigationController.m */; };
/* End PBXBuildFile section */

/* Begin PBXContainerItemProxy section */
		9295E8C118BBEF15002ADA10 /* PBXContainerItemProxy */ = {
			isa = PBXContainerItemProxy;
			containerPortal = 9295E89318BBEF15002ADA10 /* Project object */;
			proxyType = 1;
			remoteGlobalIDString = 9295E89A18BBEF15002ADA10;
			remoteInfo = DropDownToolBar;
		};
/* End PBXContainerItemProxy section */

/* Begin PBXFileReference section */
		9295E89B18BBEF15002ADA10 /* DropDownToolBar.app */ = {isa = PBXFileReference; explicitFileType = wrapper.application; includeInIndex = 0; path = DropDownToolBar.app; sourceTree = BUILT_PRODUCTS_DIR; };
		9295E89E18BBEF15002ADA10 /* Foundation.framework */ = {isa = PBXFileReference; lastKnownFileType = wrapper.framework; name = Foundation.framework; path = System/Library/Frameworks/Foundation.framework; sourceTree = SDKROOT; };
		9295E8A018BBEF15002ADA10 /* CoreGraphics.framework */ = {isa = PBXFileReference; lastKnownFileType = wrapper.framework; name = CoreGraphics.framework; path = System/Library/Frameworks/CoreGraphics.framework; sourceTree = SDKROOT; };
		9295E8A218BBEF15002ADA10 /* UIKit.framework */ = {isa = PBXFileReference; lastKnownFileType = wrapper.framework; name = UIKit.framework; path = System/Library/Frameworks/UIKit.framework; sourceTree = SDKROOT; };
		9295E8A618BBEF15002ADA10 /* DropDownToolBar-Info.plist */ = {isa = PBXFileReference; lastKnownFileType = text.plist.xml; path = "DropDownToolBar-Info.plist"; sourceTree = "<group>"; };
		9295E8A818BBEF15002ADA10 /* en */ = {isa = PBXFileReference; lastKnownFileType = text.plist.strings; name = en; path = en.lproj/InfoPlist.strings; sourceTree = "<group>"; };
		9295E8AA18BBEF15002ADA10 /* main.m */ = {isa = PBXFileReference; lastKnownFileType = sourcecode.c.objc; path = main.m; sourceTree = "<group>"; };
		9295E8AC18BBEF15002ADA10 /* DropDownToolBar-Prefix.pch */ = {isa = PBXFileReference; lastKnownFileType = sourcecode.c.h; path = "DropDownToolBar-Prefix.pch"; sourceTree = "<group>"; };
		9295E8AD18BBEF15002ADA10 /* APAppDelegate.h */ = {isa = PBXFileReference; lastKnownFileType = sourcecode.c.h; path = APAppDelegate.h; sourceTree = "<group>"; };
		9295E8AE18BBEF15002ADA10 /* APAppDelegate.m */ = {isa = PBXFileReference; lastKnownFileType = sourcecode.c.objc; path = APAppDelegate.m; sourceTree = "<group>"; };
		9295E8B118BBEF15002ADA10 /* Base */ = {isa = PBXFileReference; lastKnownFileType = file.storyboard; name = Base; path = Base.lproj/Main.storyboard; sourceTree = "<group>"; };
		9295E8B318BBEF15002ADA10 /* APViewController.h */ = {isa = PBXFileReference; lastKnownFileType = sourcecode.c.h; path = APViewController.h; sourceTree = "<group>"; };
		9295E8B418BBEF15002ADA10 /* APViewController.m */ = {isa = PBXFileReference; lastKnownFileType = sourcecode.c.objc; path = APViewController.m; sourceTree = "<group>"; };
		9295E8B618BBEF15002ADA10 /* Images.xcassets */ = {isa = PBXFileReference; lastKnownFileType = folder.assetcatalog; path = Images.xcassets; sourceTree = "<group>"; };
		9295E8BC18BBEF15002ADA10 /* DropDownToolBarTests.xctest */ = {isa = PBXFileReference; explicitFileType = wrapper.cfbundle; includeInIndex = 0; path = DropDownToolBarTests.xctest; sourceTree = BUILT_PRODUCTS_DIR; };
		9295E8BD18BBEF15002ADA10 /* XCTest.framework */ = {isa = PBXFileReference; lastKnownFileType = wrapper.framework; name = XCTest.framework; path = Library/Frameworks/XCTest.framework; sourceTree = DEVELOPER_DIR; };
		9295E8C518BBEF15002ADA10 /* DropDownToolBarTests-Info.plist */ = {isa = PBXFileReference; lastKnownFileType = text.plist.xml; path = "DropDownToolBarTests-Info.plist"; sourceTree = "<group>"; };
		9295E8C718BBEF15002ADA10 /* en */ = {isa = PBXFileReference; lastKnownFileType = text.plist.strings; name = en; path = en.lproj/InfoPlist.strings; sourceTree = "<group>"; };
		9295E8C918BBEF15002ADA10 /* DropDownToolBarTests.m */ = {isa = PBXFileReference; lastKnownFileType = sourcecode.c.objc; path = DropDownToolBarTests.m; sourceTree = "<group>"; };
		9295E8D718BBF4F3002ADA10 /* APNavigationController.h */ = {isa = PBXFileReference; fileEncoding = 4; lastKnownFileType = sourcecode.c.h; path = APNavigationController.h; sourceTree = "<group>"; };
		9295E8D818BBF4F3002ADA10 /* APNavigationController.m */ = {isa = PBXFileReference; fileEncoding = 4; lastKnownFileType = sourcecode.c.objc; path = APNavigationController.m; sourceTree = "<group>"; };
/* End PBXFileReference section */

/* Begin PBXFrameworksBuildPhase section */
		9295E89818BBEF15002ADA10 /* Frameworks */ = {
			isa = PBXFrameworksBuildPhase;
			buildActionMask = 2147483647;
			files = (
				9295E8A118BBEF15002ADA10 /* CoreGraphics.framework in Frameworks */,
				9295E8A318BBEF15002ADA10 /* UIKit.framework in Frameworks */,
				9295E89F18BBEF15002ADA10 /* Foundation.framework in Frameworks */,
			);
			runOnlyForDeploymentPostprocessing = 0;
		};
		9295E8B918BBEF15002ADA10 /* Frameworks */ = {
			isa = PBXFrameworksBuildPhase;
			buildActionMask = 2147483647;
			files = (
				9295E8BE18BBEF15002ADA10 /* XCTest.framework in Frameworks */,
				9295E8C018BBEF15002ADA10 /* UIKit.framework in Frameworks */,
				9295E8BF18BBEF15002ADA10 /* Foundation.framework in Frameworks */,
			);
			runOnlyForDeploymentPostprocessing = 0;
		};
/* End PBXFrameworksBuildPhase section */

/* Begin PBXGroup section */
		9295E89218BBEF15002ADA10 = {
			isa = PBXGroup;
			children = (
				9295E8A418BBEF15002ADA10 /* DropDownToolBar */,
				9295E8C318BBEF15002ADA10 /* DropDownToolBarTests */,
				9295E89D18BBEF15002ADA10 /* Frameworks */,
				9295E89C18BBEF15002ADA10 /* Products */,
			);
			sourceTree = "<group>";
		};
		9295E89C18BBEF15002ADA10 /* Products */ = {
			isa = PBXGroup;
			children = (
				9295E89B18BBEF15002ADA10 /* DropDownToolBar.app */,
				9295E8BC18BBEF15002ADA10 /* DropDownToolBarTests.xctest */,
			);
			name = Products;
			sourceTree = "<group>";
		};
		9295E89D18BBEF15002ADA10 /* Frameworks */ = {
			isa = PBXGroup;
			children = (
				9295E89E18BBEF15002ADA10 /* Foundation.framework */,
				9295E8A018BBEF15002ADA10 /* CoreGraphics.framework */,
				9295E8A218BBEF15002ADA10 /* UIKit.framework */,
				9295E8BD18BBEF15002ADA10 /* XCTest.framework */,
			);
			name = Frameworks;
			sourceTree = "<group>";
		};
		9295E8A418BBEF15002ADA10 /* DropDownToolBar */ = {
			isa = PBXGroup;
			children = (
				9295E8D318BBF406002ADA10 /* DropDownToolbar */,
				9295E8AD18BBEF15002ADA10 /* APAppDelegate.h */,
				9295E8AE18BBEF15002ADA10 /* APAppDelegate.m */,
				9295E8B018BBEF15002ADA10 /* Main.storyboard */,
				9295E8B318BBEF15002ADA10 /* APViewController.h */,
				9295E8B418BBEF15002ADA10 /* APViewController.m */,
				9295E8B618BBEF15002ADA10 /* Images.xcassets */,
				9295E8A518BBEF15002ADA10 /* Supporting Files */,
			);
			path = DropDownToolBar;
			sourceTree = "<group>";
		};
		9295E8A518BBEF15002ADA10 /* Supporting Files */ = {
			isa = PBXGroup;
			children = (
				9295E8A618BBEF15002ADA10 /* DropDownToolBar-Info.plist */,
				9295E8A718BBEF15002ADA10 /* InfoPlist.strings */,
				9295E8AA18BBEF15002ADA10 /* main.m */,
				9295E8AC18BBEF15002ADA10 /* DropDownToolBar-Prefix.pch */,
			);
			name = "Supporting Files";
			sourceTree = "<group>";
		};
		9295E8C318BBEF15002ADA10 /* DropDownToolBarTests */ = {
			isa = PBXGroup;
			children = (
				9295E8C918BBEF15002ADA10 /* DropDownToolBarTests.m */,
				9295E8C418BBEF15002ADA10 /* Supporting Files */,
			);
			path = DropDownToolBarTests;
			sourceTree = "<group>";
		};
		9295E8C418BBEF15002ADA10 /* Supporting Files */ = {
			isa = PBXGroup;
			children = (
				9295E8C518BBEF15002ADA10 /* DropDownToolBarTests-Info.plist */,
				9295E8C618BBEF15002ADA10 /* InfoPlist.strings */,
			);
			name = "Supporting Files";
			sourceTree = "<group>";
		};
		9295E8D318BBF406002ADA10 /* DropDownToolbar */ = {
			isa = PBXGroup;
			children = (
				9295E8D718BBF4F3002ADA10 /* APNavigationController.h */,
				9295E8D818BBF4F3002ADA10 /* APNavigationController.m */,
			);
			name = DropDownToolbar;
			sourceTree = "<group>";
		};
/* End PBXGroup section */

/* Begin PBXNativeTarget section */
		9295E89A18BBEF15002ADA10 /* DropDownToolBar */ = {
			isa = PBXNativeTarget;
			buildConfigurationList = 9295E8CD18BBEF15002ADA10 /* Build configuration list for PBXNativeTarget "DropDownToolBar" */;
			buildPhases = (
				9295E89718BBEF15002ADA10 /* Sources */,
				9295E89818BBEF15002ADA10 /* Frameworks */,
				9295E89918BBEF15002ADA10 /* Resources */,
			);
			buildRules = (
			);
			dependencies = (
			);
			name = DropDownToolBar;
			productName = DropDownToolBar;
			productReference = 9295E89B18BBEF15002ADA10 /* DropDownToolBar.app */;
			productType = "com.apple.product-type.application";
		};
		9295E8BB18BBEF15002ADA10 /* DropDownToolBarTests */ = {
			isa = PBXNativeTarget;
			buildConfigurationList = 9295E8D018BBEF15002ADA10 /* Build configuration list for PBXNativeTarget "DropDownToolBarTests" */;
			buildPhases = (
				9295E8B818BBEF15002ADA10 /* Sources */,
				9295E8B918BBEF15002ADA10 /* Frameworks */,
				9295E8BA18BBEF15002ADA10 /* Resources */,
			);
			buildRules = (
			);
			dependencies = (
				9295E8C218BBEF15002ADA10 /* PBXTargetDependency */,
			);
			name = DropDownToolBarTests;
			productName = DropDownToolBarTests;
			productReference = 9295E8BC18BBEF15002ADA10 /* DropDownToolBarTests.xctest */;
			productType = "com.apple.product-type.bundle.unit-test";
		};
/* End PBXNativeTarget section */

/* Begin PBXProject section */
		9295E89318BBEF15002ADA10 /* Project object */ = {
			isa = PBXProject;
			attributes = {
				CLASSPREFIX = AP;
				LastUpgradeCheck = 0500;
				ORGANIZATIONNAME = "Encore Dev Labs LLC";
				TargetAttributes = {
					9295E8BB18BBEF15002ADA10 = {
						TestTargetID = 9295E89A18BBEF15002ADA10;
					};
				};
			};
			buildConfigurationList = 9295E89618BBEF15002ADA10 /* Build configuration list for PBXProject "DropDownToolBar" */;
			compatibilityVersion = "Xcode 3.2";
			developmentRegion = English;
			hasScannedForEncodings = 0;
			knownRegions = (
				en,
				Base,
			);
			mainGroup = 9295E89218BBEF15002ADA10;
			productRefGroup = 9295E89C18BBEF15002ADA10 /* Products */;
			projectDirPath = "";
			projectRoot = "";
			targets = (
				9295E89A18BBEF15002ADA10 /* DropDownToolBar */,
				9295E8BB18BBEF15002ADA10 /* DropDownToolBarTests */,
			);
		};
/* End PBXProject section */

/* Begin PBXResourcesBuildPhase section */
		9295E89918BBEF15002ADA10 /* Resources */ = {
			isa = PBXResourcesBuildPhase;
			buildActionMask = 2147483647;
			files = (
				9295E8B718BBEF15002ADA10 /* Images.xcassets in Resources */,
				9295E8A918BBEF15002ADA10 /* InfoPlist.strings in Resources */,
				9295E8B218BBEF15002ADA10 /* Main.storyboard in Resources */,
			);
			runOnlyForDeploymentPostprocessing = 0;
		};
		9295E8BA18BBEF15002ADA10 /* Resources */ = {
			isa = PBXResourcesBuildPhase;
			buildActionMask = 2147483647;
			files = (
				9295E8C818BBEF15002ADA10 /* InfoPlist.strings in Resources */,
			);
			runOnlyForDeploymentPostprocessing = 0;
		};
/* End PBXResourcesBuildPhase section */

/* Begin PBXSourcesBuildPhase section */
		9295E89718BBEF15002ADA10 /* Sources */ = {
			isa = PBXSourcesBuildPhase;
			buildActionMask = 2147483647;
			files = (
				9295E8AB18BBEF15002ADA10 /* main.m in Sources */,
				9295E8B518BBEF15002ADA10 /* APViewController.m in Sources */,
				9295E8D918BBF4F3002ADA10 /* APNavigationController.m in Sources */,
				9295E8AF18BBEF15002ADA10 /* APAppDelegate.m in Sources */,
			);
			runOnlyForDeploymentPostprocessing = 0;
		};
		9295E8B818BBEF15002ADA10 /* Sources */ = {
			isa = PBXSourcesBuildPhase;
			buildActionMask = 2147483647;
			files = (
				9295E8CA18BBEF15002ADA10 /* DropDownToolBarTests.m in Sources */,
			);
			runOnlyForDeploymentPostprocessing = 0;
		};
/* End PBXSourcesBuildPhase section */

/* Begin PBXTargetDependency section */
		9295E8C218BBEF15002ADA10 /* PBXTargetDependency */ = {
			isa = PBXTargetDependency;
			target = 9295E89A18BBEF15002ADA10 /* DropDownToolBar */;
			targetProxy = 9295E8C118BBEF15002ADA10 /* PBXContainerItemProxy */;
		};
/* End PBXTargetDependency section */

/* Begin PBXVariantGroup section */
		9295E8A718BBEF15002ADA10 /* InfoPlist.strings */ = {
			isa = PBXVariantGroup;
			children = (
				9295E8A818BBEF15002ADA10 /* en */,
			);
			name = InfoPlist.strings;
			sourceTree = "<group>";
		};
		9295E8B018BBEF15002ADA10 /* Main.storyboard */ = {
			isa = PBXVariantGroup;
			children = (
				9295E8B118BBEF15002ADA10 /* Base */,
			);
			name = Main.storyboard;
			sourceTree = "<group>";
		};
		9295E8C618BBEF15002ADA10 /* InfoPlist.strings */ = {
			isa = PBXVariantGroup;
			children = (
				9295E8C718BBEF15002ADA10 /* en */,
			);
			name = InfoPlist.strings;
			sourceTree = "<group>";
		};
/* End PBXVariantGroup section */

/* Begin XCBuildConfiguration section */
		9295E8CB18BBEF15002ADA10 /* Debug */ = {
			isa = XCBuildConfiguration;
			buildSettings = {
				ALWAYS_SEARCH_USER_PATHS = NO;
				ARCHS = "$(ARCHS_STANDARD_INCLUDING_64_BIT)";
				CLANG_CXX_LANGUAGE_STANDARD = "gnu++0x";
				CLANG_CXX_LIBRARY = "libc++";
				CLANG_ENABLE_MODULES = YES;
				CLANG_ENABLE_OBJC_ARC = YES;
				CLANG_WARN_BOOL_CONVERSION = YES;
				CLANG_WARN_CONSTANT_CONVERSION = YES;
				CLANG_WARN_DIRECT_OBJC_ISA_USAGE = YES_ERROR;
				CLANG_WARN_EMPTY_BODY = YES;
				CLANG_WARN_ENUM_CONVERSION = YES;
				CLANG_WARN_INT_CONVERSION = YES;
				CLANG_WARN_OBJC_ROOT_CLASS = YES_ERROR;
				CLANG_WARN__DUPLICATE_METHOD_MATCH = YES;
				"CODE_SIGN_IDENTITY[sdk=iphoneos*]" = "iPhone Developer";
				COPY_PHASE_STRIP = NO;
				GCC_C_LANGUAGE_STANDARD = gnu99;
				GCC_DYNAMIC_NO_PIC = NO;
				GCC_OPTIMIZATION_LEVEL = 0;
				GCC_PREPROCESSOR_DEFINITIONS = (
					"DEBUG=1",
					"$(inherited)",
				);
				GCC_SYMBOLS_PRIVATE_EXTERN = NO;
				GCC_WARN_64_TO_32_BIT_CONVERSION = YES;
				GCC_WARN_ABOUT_RETURN_TYPE = YES_ERROR;
				GCC_WARN_UNDECLARED_SELECTOR = YES;
				GCC_WARN_UNINITIALIZED_AUTOS = YES;
				GCC_WARN_UNUSED_FUNCTION = YES;
				GCC_WARN_UNUSED_VARIABLE = YES;
				IPHONEOS_DEPLOYMENT_TARGET = 7.0;
				ONLY_ACTIVE_ARCH = YES;
				SDKROOT = iphoneos;
			};
			name = Debug;
		};
		9295E8CC18BBEF15002ADA10 /* Release */ = {
			isa = XCBuildConfiguration;
			buildSettings = {
				ALWAYS_SEARCH_USER_PATHS = NO;
				ARCHS = "$(ARCHS_STANDARD_INCLUDING_64_BIT)";
				CLANG_CXX_LANGUAGE_STANDARD = "gnu++0x";
				CLANG_CXX_LIBRARY = "libc++";
				CLANG_ENABLE_MODULES = YES;
				CLANG_ENABLE_OBJC_ARC = YES;
				CLANG_WARN_BOOL_CONVERSION = YES;
				CLANG_WARN_CONSTANT_CONVERSION = YES;
				CLANG_WARN_DIRECT_OBJC_ISA_USAGE = YES_ERROR;
				CLANG_WARN_EMPTY_BODY = YES;
				CLANG_WARN_ENUM_CONVERSION = YES;
				CLANG_WARN_INT_CONVERSION = YES;
				CLANG_WARN_OBJC_ROOT_CLASS = YES_ERROR;
				CLANG_WARN__DUPLICATE_METHOD_MATCH = YES;
				"CODE_SIGN_IDENTITY[sdk=iphoneos*]" = "iPhone Developer";
				COPY_PHASE_STRIP = YES;
				ENABLE_NS_ASSERTIONS = NO;
				GCC_C_LANGUAGE_STANDARD = gnu99;
				GCC_WARN_64_TO_32_BIT_CONVERSION = YES;
				GCC_WARN_ABOUT_RETURN_TYPE = YES_ERROR;
				GCC_WARN_UNDECLARED_SELECTOR = YES;
				GCC_WARN_UNINITIALIZED_AUTOS = YES;
				GCC_WARN_UNUSED_FUNCTION = YES;
				GCC_WARN_UNUSED_VARIABLE = YES;
				IPHONEOS_DEPLOYMENT_TARGET = 7.0;
				SDKROOT = iphoneos;
				VALIDATE_PRODUCT = YES;
			};
			name = Release;
		};
		9295E8CE18BBEF15002ADA10 /* Debug */ = {
			isa = XCBuildConfiguration;
			buildSettings = {
				ASSETCATALOG_COMPILER_APPICON_NAME = AppIcon;
				ASSETCATALOG_COMPILER_LAUNCHIMAGE_NAME = LaunchImage;
				GCC_PRECOMPILE_PREFIX_HEADER = YES;
				GCC_PREFIX_HEADER = "DropDownToolBar/DropDownToolBar-Prefix.pch";
				INFOPLIST_FILE = "DropDownToolBar/DropDownToolBar-Info.plist";
				PRODUCT_NAME = "$(TARGET_NAME)";
				WRAPPER_EXTENSION = app;
			};
			name = Debug;
		};
		9295E8CF18BBEF15002ADA10 /* Release */ = {
			isa = XCBuildConfiguration;
			buildSettings = {
				ASSETCATALOG_COMPILER_APPICON_NAME = AppIcon;
				ASSETCATALOG_COMPILER_LAUNCHIMAGE_NAME = LaunchImage;
				GCC_PRECOMPILE_PREFIX_HEADER = YES;
				GCC_PREFIX_HEADER = "DropDownToolBar/DropDownToolBar-Prefix.pch";
				INFOPLIST_FILE = "DropDownToolBar/DropDownToolBar-Info.plist";
				PRODUCT_NAME = "$(TARGET_NAME)";
				WRAPPER_EXTENSION = app;
			};
			name = Release;
		};
		9295E8D118BBEF15002ADA10 /* Debug */ = {
			isa = XCBuildConfiguration;
			buildSettings = {
				ARCHS = "$(ARCHS_STANDARD_INCLUDING_64_BIT)";
				BUNDLE_LOADER = "$(BUILT_PRODUCTS_DIR)/DropDownToolBar.app/DropDownToolBar";
				FRAMEWORK_SEARCH_PATHS = (
					"$(SDKROOT)/Developer/Library/Frameworks",
					"$(inherited)",
					"$(DEVELOPER_FRAMEWORKS_DIR)",
				);
				GCC_PRECOMPILE_PREFIX_HEADER = YES;
				GCC_PREFIX_HEADER = "DropDownToolBar/DropDownToolBar-Prefix.pch";
				GCC_PREPROCESSOR_DEFINITIONS = (
					"DEBUG=1",
					"$(inherited)",
				);
				INFOPLIST_FILE = "DropDownToolBarTests/DropDownToolBarTests-Info.plist";
				PRODUCT_NAME = "$(TARGET_NAME)";
				TEST_HOST = "$(BUNDLE_LOADER)";
				WRAPPER_EXTENSION = xctest;
			};
			name = Debug;
		};
		9295E8D218BBEF15002ADA10 /* Release */ = {
			isa = XCBuildConfiguration;
			buildSettings = {
				ARCHS = "$(ARCHS_STANDARD_INCLUDING_64_BIT)";
				BUNDLE_LOADER = "$(BUILT_PRODUCTS_DIR)/DropDownToolBar.app/DropDownToolBar";
				FRAMEWORK_SEARCH_PATHS = (
					"$(SDKROOT)/Developer/Library/Frameworks",
					"$(inherited)",
					"$(DEVELOPER_FRAMEWORKS_DIR)",
				);
				GCC_PRECOMPILE_PREFIX_HEADER = YES;
				GCC_PREFIX_HEADER = "DropDownToolBar/DropDownToolBar-Prefix.pch";
				INFOPLIST_FILE = "DropDownToolBarTests/DropDownToolBarTests-Info.plist";
				PRODUCT_NAME = "$(TARGET_NAME)";
				TEST_HOST = "$(BUNDLE_LOADER)";
				WRAPPER_EXTENSION = xctest;
			};
			name = Release;
		};
/* End XCBuildConfiguration section */

/* Begin XCConfigurationList section */
		9295E89618BBEF15002ADA10 /* Build configuration list for PBXProject "DropDownToolBar" */ = {
			isa = XCConfigurationList;
			buildConfigurations = (
				9295E8CB18BBEF15002ADA10 /* Debug */,
				9295E8CC18BBEF15002ADA10 /* Release */,
			);
			defaultConfigurationIsVisible = 0;
			defaultConfigurationName = Release;
		};
		9295E8CD18BBEF15002ADA10 /* Build configuration list for PBXNativeTarget "DropDownToolBar" */ = {
			isa = XCConfigurationList;
			buildConfigurations = (
				9295E8CE18BBEF15002ADA10 /* Debug */,
				9295E8CF18BBEF15002ADA10 /* Release */,
			);
			defaultConfigurationIsVisible = 0;
		};
		9295E8D018BBEF15002ADA10 /* Build configuration list for PBXNativeTarget "DropDownToolBarTests" */ = {
			isa = XCConfigurationList;
			buildConfigurations = (
				9295E8D118BBEF15002ADA10 /* Debug */,
				9295E8D218BBEF15002ADA10 /* Release */,
			);
			defaultConfigurationIsVisible = 0;
		};
/* End XCConfigurationList section */
	};
	rootObject = 9295E89318BBEF15002ADA10 /* Project object */;
}
